// !$*UTF8*$!
{
	archiveVersion = 1;
	classes = {
	};
	objectVersion = 50;
	objects = {

/* Begin PBXBuildFile section */
		8218D2BF214F4869004E3E1E /* backImage.jpg in Resources */ = {isa = PBXBuildFile; fileRef = 8218D2B6214F4867004E3E1E /* backImage.jpg */; };
		8218D2C0214F4869004E3E1E /* camera.png in Resources */ = {isa = PBXBuildFile; fileRef = 8218D2B7214F4867004E3E1E /* camera.png */; };
		8218D2C1214F4869004E3E1E /* library.png in Resources */ = {isa = PBXBuildFile; fileRef = 8218D2B8214F4867004E3E1E /* library.png */; };
		8218D2C2214F4869004E3E1E /* waku.png in Resources */ = {isa = PBXBuildFile; fileRef = 8218D2B9214F4867004E3E1E /* waku.png */; };
		8218D2C3214F4869004E3E1E /* if_camera_226593.png in Resources */ = {isa = PBXBuildFile; fileRef = 8218D2BA214F4868004E3E1E /* if_camera_226593.png */; };
		8218D2C4214F4869004E3E1E /* dogIcon.png in Resources */ = {isa = PBXBuildFile; fileRef = 8218D2BB214F4868004E3E1E /* dogIcon.png */; };
		8218D2C5214F4869004E3E1E /* icon.png in Resources */ = {isa = PBXBuildFile; fileRef = 8218D2BC214F4868004E3E1E /* icon.png */; };
		8218D2C6214F4869004E3E1E /* back.png in Resources */ = {isa = PBXBuildFile; fileRef = 8218D2BD214F4868004E3E1E /* back.png */; };
		8218D2C7214F4869004E3E1E /* dog.png in Resources */ = {isa = PBXBuildFile; fileRef = 8218D2BE214F4869004E3E1E /* dog.png */; };
		82B8DF2C2132ABE200B1A5ED /* AppDelegate.swift in Sources */ = {isa = PBXBuildFile; fileRef = 82B8DF2B2132ABE200B1A5ED /* AppDelegate.swift */; };
		82B8DF2E2132ABE200B1A5ED /* ViewController.swift in Sources */ = {isa = PBXBuildFile; fileRef = 82B8DF2D2132ABE200B1A5ED /* ViewController.swift */; };
		82B8DF312132ABE200B1A5ED /* Main.storyboard in Resources */ = {isa = PBXBuildFile; fileRef = 82B8DF2F2132ABE200B1A5ED /* Main.storyboard */; };
		82B8DF332132ABE400B1A5ED /* Assets.xcassets in Resources */ = {isa = PBXBuildFile; fileRef = 82B8DF322132ABE400B1A5ED /* Assets.xcassets */; };
		82B8DF362132ABE400B1A5ED /* LaunchScreen.storyboard in Resources */ = {isa = PBXBuildFile; fileRef = 82B8DF342132ABE400B1A5ED /* LaunchScreen.storyboard */; };
		EE5C0FE7BC99240CCD0EC947 /* Pods_petSNS.framework in Frameworks */ = {isa = PBXBuildFile; fileRef = 4124C656B7D3C805D413C7D4 /* Pods_petSNS.framework */; };
/* End PBXBuildFile section */

/* Begin PBXFileReference section */
		1A48B300B7D6473D1A53DECC /* Pods-petSNS.release.xcconfig */ = {isa = PBXFileReference; includeInIndex = 1; lastKnownFileType = text.xcconfig; name = "Pods-petSNS.release.xcconfig"; path = "Pods/Target Support Files/Pods-petSNS/Pods-petSNS.release.xcconfig"; sourceTree = "<group>"; };
		4124C656B7D3C805D413C7D4 /* Pods_petSNS.framework */ = {isa = PBXFileReference; explicitFileType = wrapper.framework; includeInIndex = 0; path = Pods_petSNS.framework; sourceTree = BUILT_PRODUCTS_DIR; };
		503FFDB808CE7E078B5D6CF8 /* Pods-petSNS.debug.xcconfig */ = {isa = PBXFileReference; includeInIndex = 1; lastKnownFileType = text.xcconfig; name = "Pods-petSNS.debug.xcconfig"; path = "Pods/Target Support Files/Pods-petSNS/Pods-petSNS.debug.xcconfig"; sourceTree = "<group>"; };
		8218D2B6214F4867004E3E1E /* backImage.jpg */ = {isa = PBXFileReference; lastKnownFileType = image.jpeg; path = backImage.jpg; sourceTree = "<group>"; };
		8218D2B7214F4867004E3E1E /* camera.png */ = {isa = PBXFileReference; lastKnownFileType = image.png; path = camera.png; sourceTree = "<group>"; };
		8218D2B8214F4867004E3E1E /* library.png */ = {isa = PBXFileReference; lastKnownFileType = image.png; path = library.png; sourceTree = "<group>"; };
		8218D2B9214F4867004E3E1E /* waku.png */ = {isa = PBXFileReference; lastKnownFileType = image.png; path = waku.png; sourceTree = "<group>"; };
		8218D2BA214F4868004E3E1E /* if_camera_226593.png */ = {isa = PBXFileReference; lastKnownFileType = image.png; path = if_camera_226593.png; sourceTree = "<group>"; };
		8218D2BB214F4868004E3E1E /* dogIcon.png */ = {isa = PBXFileReference; lastKnownFileType = image.png; path = dogIcon.png; sourceTree = "<group>"; };
		8218D2BC214F4868004E3E1E /* icon.png */ = {isa = PBXFileReference; lastKnownFileType = image.png; path = icon.png; sourceTree = "<group>"; };
		8218D2BD214F4868004E3E1E /* back.png */ = {isa = PBXFileReference; lastKnownFileType = image.png; path = back.png; sourceTree = "<group>"; };
		8218D2BE214F4869004E3E1E /* dog.png */ = {isa = PBXFileReference; lastKnownFileType = image.png; path = dog.png; sourceTree = "<group>"; };
		82B8DF282132ABE200B1A5ED /* petSNS.app */ = {isa = PBXFileReference; explicitFileType = wrapper.application; includeInIndex = 0; path = petSNS.app; sourceTree = BUILT_PRODUCTS_DIR; };
		82B8DF2B2132ABE200B1A5ED /* AppDelegate.swift */ = {isa = PBXFileReference; lastKnownFileType = sourcecode.swift; path = AppDelegate.swift; sourceTree = "<group>"; };
		82B8DF2D2132ABE200B1A5ED /* ViewController.swift */ = {isa = PBXFileReference; lastKnownFileType = sourcecode.swift; path = ViewController.swift; sourceTree = "<group>"; };
		82B8DF302132ABE200B1A5ED /* Base */ = {isa = PBXFileReference; lastKnownFileType = file.storyboard; name = Base; path = Base.lproj/Main.storyboard; sourceTree = "<group>"; };
		82B8DF322132ABE400B1A5ED /* Assets.xcassets */ = {isa = PBXFileReference; lastKnownFileType = folder.assetcatalog; path = Assets.xcassets; sourceTree = "<group>"; };
		82B8DF352132ABE400B1A5ED /* Base */ = {isa = PBXFileReference; lastKnownFileType = file.storyboard; name = Base; path = Base.lproj/LaunchScreen.storyboard; sourceTree = "<group>"; };
		82B8DF372132ABE500B1A5ED /* Info.plist */ = {isa = PBXFileReference; lastKnownFileType = text.plist.xml; path = Info.plist; sourceTree = "<group>"; };
/* End PBXFileReference section */

/* Begin PBXFrameworksBuildPhase section */
		82B8DF252132ABE200B1A5ED /* Frameworks */ = {
			isa = PBXFrameworksBuildPhase;
			buildActionMask = 2147483647;
			files = (
				EE5C0FE7BC99240CCD0EC947 /* Pods_petSNS.framework in Frameworks */,
			);
			runOnlyForDeploymentPostprocessing = 0;
		};
/* End PBXFrameworksBuildPhase section */

/* Begin PBXGroup section */
		45543FA6790E4E393FEFA917 /* Pods */ = {
			isa = PBXGroup;
			children = (
				503FFDB808CE7E078B5D6CF8 /* Pods-petSNS.debug.xcconfig */,
				1A48B300B7D6473D1A53DECC /* Pods-petSNS.release.xcconfig */,
			);
			name = Pods;
			sourceTree = "<group>";
		};
		82B8DF1F2132ABE200B1A5ED = {
			isa = PBXGroup;
			children = (
				82B8DF2A2132ABE200B1A5ED /* petSNS */,
				82B8DF292132ABE200B1A5ED /* Products */,
				45543FA6790E4E393FEFA917 /* Pods */,
				CCF666F20E0236F911D8F946 /* Frameworks */,
			);
			sourceTree = "<group>";
		};
		82B8DF292132ABE200B1A5ED /* Products */ = {
			isa = PBXGroup;
			children = (
				82B8DF282132ABE200B1A5ED /* petSNS.app */,
			);
			name = Products;
			sourceTree = "<group>";
		};
		82B8DF2A2132ABE200B1A5ED /* petSNS */ = {
			isa = PBXGroup;
			children = (
				8218D2BD214F4868004E3E1E /* back.png */,
				8218D2B6214F4867004E3E1E /* backImage.jpg */,
				8218D2B7214F4867004E3E1E /* camera.png */,
				8218D2BE214F4869004E3E1E /* dog.png */,
				8218D2BB214F4868004E3E1E /* dogIcon.png */,
				8218D2BC214F4868004E3E1E /* icon.png */,
				8218D2BA214F4868004E3E1E /* if_camera_226593.png */,
				8218D2B8214F4867004E3E1E /* library.png */,
				8218D2B9214F4867004E3E1E /* waku.png */,
				82B8DF2B2132ABE200B1A5ED /* AppDelegate.swift */,
				82B8DF2D2132ABE200B1A5ED /* ViewController.swift */,
				82B8DF2F2132ABE200B1A5ED /* Main.storyboard */,
				82B8DF322132ABE400B1A5ED /* Assets.xcassets */,
				82B8DF342132ABE400B1A5ED /* LaunchScreen.storyboard */,
				82B8DF372132ABE500B1A5ED /* Info.plist */,
			);
			path = petSNS;
			sourceTree = "<group>";
		};
		CCF666F20E0236F911D8F946 /* Frameworks */ = {
			isa = PBXGroup;
			children = (
				4124C656B7D3C805D413C7D4 /* Pods_petSNS.framework */,
			);
			name = Frameworks;
			sourceTree = "<group>";
		};
/* End PBXGroup section */

/* Begin PBXNativeTarget section */
		82B8DF272132ABE200B1A5ED /* petSNS */ = {
			isa = PBXNativeTarget;
			buildConfigurationList = 82B8DF3A2132ABE500B1A5ED /* Build configuration list for PBXNativeTarget "petSNS" */;
			buildPhases = (
				4E9B61B86257EEDF54321F5C /* [CP] Check Pods Manifest.lock */,
				82B8DF242132ABE200B1A5ED /* Sources */,
				82B8DF252132ABE200B1A5ED /* Frameworks */,
				82B8DF262132ABE200B1A5ED /* Resources */,
				EFA3DD51A360E8353945348C /* [CP] Embed Pods Frameworks */,
			);
			buildRules = (
			);
			dependencies = (
			);
			name = petSNS;
			productName = petSNS;
			productReference = 82B8DF282132ABE200B1A5ED /* petSNS.app */;
			productType = "com.apple.product-type.application";
		};
/* End PBXNativeTarget section */

/* Begin PBXProject section */
		82B8DF202132ABE200B1A5ED /* Project object */ = {
			isa = PBXProject;
			attributes = {
				LastSwiftUpdateCheck = 0940;
				LastUpgradeCheck = 0940;
				ORGANIZATIONNAME = "Takuma Osada";
				TargetAttributes = {
					82B8DF272132ABE200B1A5ED = {
						CreatedOnToolsVersion = 9.4.1;
					};
				};
			};
			buildConfigurationList = 82B8DF232132ABE200B1A5ED /* Build configuration list for PBXProject "petSNS" */;
			compatibilityVersion = "Xcode 9.3";
			developmentRegion = en;
			hasScannedForEncodings = 0;
			knownRegions = (
				en,
				Base,
			);
			mainGroup = 82B8DF1F2132ABE200B1A5ED;
			productRefGroup = 82B8DF292132ABE200B1A5ED /* Products */;
			projectDirPath = "";
			projectRoot = "";
			targets = (
				82B8DF272132ABE200B1A5ED /* petSNS */,
			);
		};
/* End PBXProject section */

/* Begin PBXResourcesBuildPhase section */
		82B8DF262132ABE200B1A5ED /* Resources */ = {
			isa = PBXResourcesBuildPhase;
			buildActionMask = 2147483647;
			files = (
				8218D2C7214F4869004E3E1E /* dog.png in Resources */,
				8218D2C3214F4869004E3E1E /* if_camera_226593.png in Resources */,
				8218D2BF214F4869004E3E1E /* backImage.jpg in Resources */,
				8218D2C2214F4869004E3E1E /* waku.png in Resources */,
				8218D2C1214F4869004E3E1E /* library.png in Resources */,
				8218D2C4214F4869004E3E1E /* dogIcon.png in Resources */,
				82B8DF362132ABE400B1A5ED /* LaunchScreen.storyboard in Resources */,
				8218D2C5214F4869004E3E1E /* icon.png in Resources */,
				8218D2C6214F4869004E3E1E /* back.png in Resources */,
				82B8DF332132ABE400B1A5ED /* Assets.xcassets in Resources */,
				82B8DF312132ABE200B1A5ED /* Main.storyboard in Resources */,
				8218D2C0214F4869004E3E1E /* camera.png in Resources */,
			);
			runOnlyForDeploymentPostprocessing = 0;
		};
/* End PBXResourcesBuildPhase section */

/* Begin PBXShellScriptBuildPhase section */
		4E9B61B86257EEDF54321F5C /* [CP] Check Pods Manifest.lock */ = {
			isa = PBXShellScriptBuildPhase;
			buildActionMask = 2147483647;
			files = (
			);
			inputFileListPaths = (
			);
			inputPaths = (
				"${PODS_PODFILE_DIR_PATH}/Podfile.lock",
				"${PODS_ROOT}/Manifest.lock",
			);
			name = "[CP] Check Pods Manifest.lock";
			outputFileListPaths = (
			);
			outputPaths = (
				"$(DERIVED_FILE_DIR)/Pods-petSNS-checkManifestLockResult.txt",
			);
			runOnlyForDeploymentPostprocessing = 0;
			shellPath = /bin/sh;
			shellScript = "diff \"${PODS_PODFILE_DIR_PATH}/Podfile.lock\" \"${PODS_ROOT}/Manifest.lock\" > /dev/null\nif [ $? != 0 ] ; then\n    # print error to STDERR\n    echo \"error: The sandbox is not in sync with the Podfile.lock. Run 'pod install' or update your CocoaPods installation.\" >&2\n    exit 1\nfi\n# This output is used by Xcode 'outputs' to avoid re-running this script phase.\necho \"SUCCESS\" > \"${SCRIPT_OUTPUT_FILE_0}\"\n";
			showEnvVarsInLog = 0;
		};
		EFA3DD51A360E8353945348C /* [CP] Embed Pods Frameworks */ = {
			isa = PBXShellScriptBuildPhase;
			buildActionMask = 2147483647;
			files = (
			);
			inputFileListPaths = (
			);
			inputPaths = (
				"${SRCROOT}/Pods/Target Support Files/Pods-petSNS/Pods-petSNS-frameworks.sh",
				"${BUILT_PRODUCTS_DIR}/BoringSSL/openssl.framework",
				"${BUILT_PRODUCTS_DIR}/EMAlertController/EMAlertController.framework",
				"${BUILT_PRODUCTS_DIR}/GTMSessionFetcher/GTMSessionFetcher.framework",
				"${BUILT_PRODUCTS_DIR}/GoogleUtilities/GoogleUtilities.framework",
				"${BUILT_PRODUCTS_DIR}/Protobuf/Protobuf.framework",
				"${BUILT_PRODUCTS_DIR}/SDWebImage/SDWebImage.framework",
				"${BUILT_PRODUCTS_DIR}/gRPC/GRPCClient.framework",
				"${BUILT_PRODUCTS_DIR}/gRPC-Core/grpc.framework",
				"${BUILT_PRODUCTS_DIR}/gRPC-ProtoRPC/ProtoRPC.framework",
				"${BUILT_PRODUCTS_DIR}/gRPC-RxLibrary/RxLibrary.framework",
				"${BUILT_PRODUCTS_DIR}/leveldb-library/leveldb.framework",
				"${BUILT_PRODUCTS_DIR}/libwebp/libwebp.framework",
				"${BUILT_PRODUCTS_DIR}/nanopb/nanopb.framework",
			);
			name = "[CP] Embed Pods Frameworks";
			outputFileListPaths = (
			);
			outputPaths = (
				"${TARGET_BUILD_DIR}/${FRAMEWORKS_FOLDER_PATH}/openssl.framework",
				"${TARGET_BUILD_DIR}/${FRAMEWORKS_FOLDER_PATH}/EMAlertController.framework",
				"${TARGET_BUILD_DIR}/${FRAMEWORKS_FOLDER_PATH}/GTMSessionFetcher.framework",
				"${TARGET_BUILD_DIR}/${FRAMEWORKS_FOLDER_PATH}/GoogleUtilities.framework",
				"${TARGET_BUILD_DIR}/${FRAMEWORKS_FOLDER_PATH}/Protobuf.framework",
				"${TARGET_BUILD_DIR}/${FRAMEWORKS_FOLDER_PATH}/SDWebImage.framework",
				"${TARGET_BUILD_DIR}/${FRAMEWORKS_FOLDER_PATH}/GRPCClient.framework",
				"${TARGET_BUILD_DIR}/${FRAMEWORKS_FOLDER_PATH}/grpc.framework",
				"${TARGET_BUILD_DIR}/${FRAMEWORKS_FOLDER_PATH}/ProtoRPC.framework",
				"${TARGET_BUILD_DIR}/${FRAMEWORKS_FOLDER_PATH}/RxLibrary.framework",
				"${TARGET_BUILD_DIR}/${FRAMEWORKS_FOLDER_PATH}/leveldb.framework",
				"${TARGET_BUILD_DIR}/${FRAMEWORKS_FOLDER_PATH}/libwebp.framework",
				"${TARGET_BUILD_DIR}/${FRAMEWORKS_FOLDER_PATH}/nanopb.framework",
			);
			runOnlyForDeploymentPostprocessing = 0;
			shellPath = /bin/sh;
			shellScript = "\"${SRCROOT}/Pods/Target Support Files/Pods-petSNS/Pods-petSNS-frameworks.sh\"\n";
			showEnvVarsInLog = 0;
		};
/* End PBXShellScriptBuildPhase section */

/* Begin PBXSourcesBuildPhase section */
		82B8DF242132ABE200B1A5ED /* Sources */ = {
			isa = PBXSourcesBuildPhase;
			buildActionMask = 2147483647;
			files = (
				82B8DF2E2132ABE200B1A5ED /* ViewController.swift in Sources */,
				82B8DF2C2132ABE200B1A5ED /* AppDelegate.swift in Sources */,
			);
			runOnlyForDeploymentPostprocessing = 0;
		};
/* End PBXSourcesBuildPhase section */

/* Begin PBXVariantGroup section */
		82B8DF2F2132ABE200B1A5ED /* Main.storyboard */ = {
			isa = PBXVariantGroup;
			children = (
				82B8DF302132ABE200B1A5ED /* Base */,
			);
			name = Main.storyboard;
			sourceTree = "<group>";
		};
		82B8DF342132ABE400B1A5ED /* LaunchScreen.storyboard */ = {
			isa = PBXVariantGroup;
			children = (
				82B8DF352132ABE400B1A5ED /* Base */,
			);
			name = LaunchScreen.storyboard;
			sourceTree = "<group>";
		};
/* End PBXVariantGroup section */

/* Begin XCBuildConfiguration section */
		82B8DF382132ABE500B1A5ED /* Debug */ = {
			isa = XCBuildConfiguration;
			buildSettings = {
				ALWAYS_SEARCH_USER_PATHS = NO;
				CLANG_ANALYZER_NONNULL = YES;
				CLANG_ANALYZER_NUMBER_OBJECT_CONVERSION = YES_AGGRESSIVE;
				CLANG_CXX_LANGUAGE_STANDARD = "gnu++14";
				CLANG_CXX_LIBRARY = "libc++";
				CLANG_ENABLE_MODULES = YES;
				CLANG_ENABLE_OBJC_ARC = YES;
				CLANG_ENABLE_OBJC_WEAK = YES;
				CLANG_WARN_BLOCK_CAPTURE_AUTORELEASING = YES;
				CLANG_WARN_BOOL_CONVERSION = YES;
				CLANG_WARN_COMMA = YES;
				CLANG_WARN_CONSTANT_CONVERSION = YES;
				CLANG_WARN_DEPRECATED_OBJC_IMPLEMENTATIONS = YES;
				CLANG_WARN_DIRECT_OBJC_ISA_USAGE = YES_ERROR;
				CLANG_WARN_DOCUMENTATION_COMMENTS = YES;
				CLANG_WARN_EMPTY_BODY = YES;
				CLANG_WARN_ENUM_CONVERSION = YES;
				CLANG_WARN_INFINITE_RECURSION = YES;
				CLANG_WARN_INT_CONVERSION = YES;
				CLANG_WARN_NON_LITERAL_NULL_CONVERSION = YES;
				CLANG_WARN_OBJC_IMPLICIT_RETAIN_SELF = YES;
				CLANG_WARN_OBJC_LITERAL_CONVERSION = YES;
				CLANG_WARN_OBJC_ROOT_CLASS = YES_ERROR;
				CLANG_WARN_RANGE_LOOP_ANALYSIS = YES;
				CLANG_WARN_STRICT_PROTOTYPES = YES;
				CLANG_WARN_SUSPICIOUS_MOVE = YES;
				CLANG_WARN_UNGUARDED_AVAILABILITY = YES_AGGRESSIVE;
				CLANG_WARN_UNREACHABLE_CODE = YES;
				CLANG_WARN__DUPLICATE_METHOD_MATCH = YES;
				CODE_SIGN_IDENTITY = "iPhone Developer";
				COPY_PHASE_STRIP = NO;
				DEBUG_INFORMATION_FORMAT = dwarf;
				ENABLE_STRICT_OBJC_MSGSEND = YES;
				ENABLE_TESTABILITY = YES;
				GCC_C_LANGUAGE_STANDARD = gnu11;
				GCC_DYNAMIC_NO_PIC = NO;
				GCC_NO_COMMON_BLOCKS = YES;
				GCC_OPTIMIZATION_LEVEL = 0;
				GCC_PREPROCESSOR_DEFINITIONS = (
					"DEBUG=1",
					"$(inherited)",
				);
				GCC_WARN_64_TO_32_BIT_CONVERSION = YES;
				GCC_WARN_ABOUT_RETURN_TYPE = YES_ERROR;
				GCC_WARN_UNDECLARED_SELECTOR = YES;
				GCC_WARN_UNINITIALIZED_AUTOS = YES_AGGRESSIVE;
				GCC_WARN_UNUSED_FUNCTION = YES;
				GCC_WARN_UNUSED_VARIABLE = YES;
				IPHONEOS_DEPLOYMENT_TARGET = 11.4;
				MTL_ENABLE_DEBUG_INFO = YES;
				ONLY_ACTIVE_ARCH = YES;
				SDKROOT = iphoneos;
				SWIFT_ACTIVE_COMPILATION_CONDITIONS = DEBUG;
				SWIFT_OPTIMIZATION_LEVEL = "-Onone";
			};
			name = Debug;
		};
		82B8DF392132ABE500B1A5ED /* Release */ = {
			isa = XCBuildConfiguration;
			buildSettings = {
				ALWAYS_SEARCH_USER_PATHS = NO;
				CLANG_ANALYZER_NONNULL = YES;
				CLANG_ANALYZER_NUMBER_OBJECT_CONVERSION = YES_AGGRESSIVE;
				CLANG_CXX_LANGUAGE_STANDARD = "gnu++14";
				CLANG_CXX_LIBRARY = "libc++";
				CLANG_ENABLE_MODULES = YES;
				CLANG_ENABLE_OBJC_ARC = YES;
				CLANG_ENABLE_OBJC_WEAK = YES;
				CLANG_WARN_BLOCK_CAPTURE_AUTORELEASING = YES;
				CLANG_WARN_BOOL_CONVERSION = YES;
				CLANG_WARN_COMMA = YES;
				CLANG_WARN_CONSTANT_CONVERSION = YES;
				CLANG_WARN_DEPRECATED_OBJC_IMPLEMENTATIONS = YES;
				CLANG_WARN_DIRECT_OBJC_ISA_USAGE = YES_ERROR;
				CLANG_WARN_DOCUMENTATION_COMMENTS = YES;
				CLANG_WARN_EMPTY_BODY = YES;
				CLANG_WARN_ENUM_CONVERSION = YES;
				CLANG_WARN_INFINITE_RECURSION = YES;
				CLANG_WARN_INT_CONVERSION = YES;
				CLANG_WARN_NON_LITERAL_NULL_CONVERSION = YES;
				CLANG_WARN_OBJC_IMPLICIT_RETAIN_SELF = YES;
				CLANG_WARN_OBJC_LITERAL_CONVERSION = YES;
				CLANG_WARN_OBJC_ROOT_CLASS = YES_ERROR;
				CLANG_WARN_RANGE_LOOP_ANALYSIS = YES;
				CLANG_WARN_STRICT_PROTOTYPES = YES;
				CLANG_WARN_SUSPICIOUS_MOVE = YES;
				CLANG_WARN_UNGUARDED_AVAILABILITY = YES_AGGRESSIVE;
				CLANG_WARN_UNREACHABLE_CODE = YES;
				CLANG_WARN__DUPLICATE_METHOD_MATCH = YES;
				CODE_SIGN_IDENTITY = "iPhone Developer";
				COPY_PHASE_STRIP = NO;
				DEBUG_INFORMATION_FORMAT = "dwarf-with-dsym";
				ENABLE_NS_ASSERTIONS = NO;
				ENABLE_STRICT_OBJC_MSGSEND = YES;
				GCC_C_LANGUAGE_STANDARD = gnu11;
				GCC_NO_COMMON_BLOCKS = YES;
				GCC_WARN_64_TO_32_BIT_CONVERSION = YES;
				GCC_WARN_ABOUT_RETURN_TYPE = YES_ERROR;
				GCC_WARN_UNDECLARED_SELECTOR = YES;
				GCC_WARN_UNINITIALIZED_AUTOS = YES_AGGRESSIVE;
				GCC_WARN_UNUSED_FUNCTION = YES;
				GCC_WARN_UNUSED_VARIABLE = YES;
				IPHONEOS_DEPLOYMENT_TARGET = 11.4;
				MTL_ENABLE_DEBUG_INFO = NO;
				SDKROOT = iphoneos;
				SWIFT_COMPILATION_MODE = wholemodule;
				SWIFT_OPTIMIZATION_LEVEL = "-O";
				VALIDATE_PRODUCT = YES;
			};
			name = Release;
		};
		82B8DF3B2132ABE500B1A5ED /* Debug */ = {
			isa = XCBuildConfiguration;
			baseConfigurationReference = 503FFDB808CE7E078B5D6CF8 /* Pods-petSNS.debug.xcconfig */;
			buildSettings = {
				ASSETCATALOG_COMPILER_APPICON_NAME = AppIcon;
				CODE_SIGN_STYLE = Automatic;
				INFOPLIST_FILE = petSNS/Info.plist;
				LD_RUNPATH_SEARCH_PATHS = (
					"$(inherited)",
					"@executable_path/Frameworks",
				);
				PRODUCT_BUNDLE_IDENTIFIER = com.0sataku.petSNS;
				PRODUCT_NAME = "$(TARGET_NAME)";
				SWIFT_VERSION = 4.0;
				TARGETED_DEVICE_FAMILY = "1,2";
			};
			name = Debug;
		};
		82B8DF3C2132ABE500B1A5ED /* Release */ = {
			isa = XCBuildConfiguration;
			baseConfigurationReference = 1A48B300B7D6473D1A53DECC /* Pods-petSNS.release.xcconfig */;
			buildSettings = {
				ASSETCATALOG_COMPILER_APPICON_NAME = AppIcon;
				CODE_SIGN_STYLE = Automatic;
				INFOPLIST_FILE = petSNS/Info.plist;
				LD_RUNPATH_SEARCH_PATHS = (
					"$(inherited)",
					"@executable_path/Frameworks",
				);
				PRODUCT_BUNDLE_IDENTIFIER = com.0sataku.petSNS;
				PRODUCT_NAME = "$(TARGET_NAME)";
				SWIFT_VERSION = 4.0;
				TARGETED_DEVICE_FAMILY = "1,2";
			};
			name = Release;
		};
/* End XCBuildConfiguration section */

/* Begin XCConfigurationList section */
		82B8DF232132ABE200B1A5ED /* Build configuration list for PBXProject "petSNS" */ = {
			isa = XCConfigurationList;
			buildConfigurations = (
				82B8DF382132ABE500B1A5ED /* Debug */,
				82B8DF392132ABE500B1A5ED /* Release */,
			);
			defaultConfigurationIsVisible = 0;
			defaultConfigurationName = Release;
		};
		82B8DF3A2132ABE500B1A5ED /* Build configuration list for PBXNativeTarget "petSNS" */ = {
			isa = XCConfigurationList;
			buildConfigurations = (
				82B8DF3B2132ABE500B1A5ED /* Debug */,
				82B8DF3C2132ABE500B1A5ED /* Release */,
			);
			defaultConfigurationIsVisible = 0;
			defaultConfigurationName = Release;
		};
/* End XCConfigurationList section */
	};
	rootObject = 82B8DF202132ABE200B1A5ED /* Project object */;
}
